
Microsoft Visual Studio Solution File, Format Version 12.00
# Visual Studio 14
VisualStudioVersion = 14.0.25420.1
MinimumVisualStudioVersion = 10.0.40219.1
Project("{F184B08F-C81C-45F6-A57F-5ABD9991F28F}") = "DataGridViewEx-VBNET", "DataGridViewEx-VBNET\DataGridViewEx-VBNET.vbproj", "{DA1D0339-D418-471B-A6CB-A0C99B774402}"
EndProject
Project("{F184B08F-C81C-45F6-A57F-5ABD9991F28F}") = "WindowsApplication1", "WindowsApplication1\WindowsApplication1.vbproj", "{595AE28E-5F17-4E75-AE51-458B5222FEFC}"
EndProject
Project("{FAE04EC0-301F-11D3-BF4B-00C04F79EFBC}") = "DataGridViewEx", "DataGridViewEx\DataGridViewEx.csproj", "{AA97C91F-E352-4E3F-8CF6-F0C733FC9361}"
EndProject
Global
	GlobalSection(SolutionConfigurationPlatforms) = preSolution
		Debug|Any CPU = Debug|Any CPU
		Debug|Mixed Platforms = Debug|Mixed Platforms
		Debug|x86 = Debug|x86
		Release|Any CPU = Release|Any CPU
		Release|Mixed Platforms = Release|Mixed Platforms
		Release|x86 = Release|x86
	EndGlobalSection
	GlobalSection(ProjectConfigurationPlatforms) = postSolution
		{DA1D0339-D418-471B-A6CB-A0C99B774402}.Debug|Any CPU.ActiveCfg = Debug|Any CPU
		{DA1D0339-D418-471B-A6CB-A0C99B774402}.Debug|Any CPU.Build.0 = Debug|Any CPU
		{DA1D0339-D418-471B-A6CB-A0C99B774402}.Debug|Mixed Platforms.ActiveCfg = Debug|Any CPU
		{DA1D0339-D418-471B-A6CB-A0C99B774402}.Debug|Mixed Platforms.Build.0 = Debug|Any CPU
		{DA1D0339-D418-471B-A6CB-A0C99B774402}.Debug|x86.ActiveCfg = Debug|Any CPU
		{DA1D0339-D418-471B-A6CB-A0C99B774402}.Release|Any CPU.ActiveCfg = Release|Any CPU
		{DA1D0339-D418-471B-A6CB-A0C99B774402}.Release|Any CPU.Build.0 = Release|Any CPU
		{DA1D0339-D418-471B-A6CB-A0C99B774402}.Release|Mixed Platforms.ActiveCfg = Release|Any CPU
		{DA1D0339-D418-471B-A6CB-A0C99B774402}.Release|Mixed Platforms.Build.0 = Release|Any CPU
		{DA1D0339-D418-471B-A6CB-A0C99B774402}.Release|x86.ActiveCfg = Release|Any CPU
		{595AE28E-5F17-4E75-AE51-458B5222FEFC}.Debug|Any CPU.ActiveCfg = Debug|x86
		{595AE28E-5F17-4E75-AE51-458B5222FEFC}.Debug|Mixed Platforms.ActiveCfg = Debug|x86
		{595AE28E-5F17-4E75-AE51-458B5222FEFC}.Debug|Mixed Platforms.Build.0 = Debug|x86
		{595AE28E-5F17-4E75-AE51-458B5222FEFC}.Debug|x86.ActiveCfg = Debug|x86
		{595AE28E-5F17-4E75-AE51-458B5222FEFC}.Debug|x86.Build.0 = Debug|x86
		{595AE28E-5F17-4E75-AE51-458B5222FEFC}.Release|Any CPU.ActiveCfg = Release|x86
		{595AE28E-5F17-4E75-AE51-458B5222FEFC}.Release|Mixed Platforms.ActiveCfg = Release|x86
		{595AE28E-5F17-4E75-AE51-458B5222FEFC}.Release|Mixed Platforms.Build.0 = Release|x86
		{595AE28E-5F17-4E75-AE51-458B5222FEFC}.Release|x86.ActiveCfg = Release|x86
		{595AE28E-5F17-4E75-AE51-458B5222FEFC}.Release|x86.Build.0 = Release|x86
		{AA97C91F-E352-4E3F-8CF6-F0C733FC9361}.Debug|Any CPU.ActiveCfg = Debug|Any CPU
		{AA97C91F-E352-4E3F-8CF6-F0C733FC9361}.Debug|Any CPU.Build.0 = Debug|Any CPU
		{AA97C91F-E352-4E3F-8CF6-F0C733FC9361}.Debug|Mixed Platforms.ActiveCfg = Debug|Any CPU
		{AA97C91F-E352-4E3F-8CF6-F0C733FC9361}.Debug|Mixed Platforms.Build.0 = Debug|Any CPU
		{AA97C91F-E352-4E3F-8CF6-F0C733FC9361}.Debug|x86.ActiveCfg = Debug|Any CPU
		{AA97C91F-E352-4E3F-8CF6-F0C733FC9361}.Debug|x86.Build.0 = Debug|Any CPU
		{AA97C91F-E352-4E3F-8CF6-F0C733FC9361}.Release|Any CPU.ActiveCfg = Release|Any CPU
		{AA97C91F-E352-4E3F-8CF6-F0C733FC9361}.Release|Any CPU.Build.0 = Release|Any CPU
		{AA97C91F-E352-4E3F-8CF6-F0C733FC9361}.Release|Mixed Platforms.ActiveCfg = Release|Any CPU
		{AA97C91F-E352-4E3F-8CF6-F0C733FC9361}.Release|Mixed Platforms.Build.0 = Release|Any CPU
		{AA97C91F-E352-4E3F-8CF6-F0C733FC9361}.Release|x86.ActiveCfg = Release|Any CPU
		{AA97C91F-E352-4E3F-8CF6-F0C733FC9361}.Release|x86.Build.0 = Release|Any CPU
	EndGlobalSection
	GlobalSection(SolutionProperties) = preSolution
		HideSolutionNode = FALSE
	EndGlobalSection
EndGlobal
